
Microsoft Visual Studio Solution File, Format Version 12.00
# Visual Studio Version 17
VisualStudioVersion = 17.12.35521.163 d17.12
MinimumVisualStudioVersion = 10.0.40219.1
Project("{FAE04EC0-301F-11D3-BF4B-00C04F79EFBC}") = "HealthSpArk", "HealthSpArk\HealthSpArk.csproj", "{F98C6111-DADC-46D6-A2B6-96BD54C7CFE2}"
EndProject
Global
	GlobalSection(SolutionConfigurationPlatforms) = preSolution
		Debug|Any CPU = Debug|Any CPU
		Release|Any CPU = Release|Any CPU
	EndGlobalSection
	GlobalSection(ProjectConfigurationPlatforms) = postSolution
		{F98C6111-DADC-46D6-A2B6-96BD54C7CFE2}.Debug|Any CPU.ActiveCfg = Debug|Any CPU
		{F98C6111-DADC-46D6-A2B6-96BD54C7CFE2}.Debug|Any CPU.Build.0 = Debug|Any CPU
		{F98C6111-DADC-46D6-A2B6-96BD54C7CFE2}.Debug|Any CPU.Deploy.0 = Debug|Any CPU
		{F98C6111-DADC-46D6-A2B6-96BD54C7CFE2}.Release|Any CPU.ActiveCfg = Release|Any CPU
		{F98C6111-DADC-46D6-A2B6-96BD54C7CFE2}.Release|Any CPU.Build.0 = Release|Any CPU
		{F98C6111-DADC-46D6-A2B6-96BD54C7CFE2}.Release|Any CPU.Deploy.0 = Release|Any CPU
	EndGlobalSection
	GlobalSection(SolutionProperties) = preSolution
		HideSolutionNode = FALSE
	EndGlobalSection
EndGlobal
